{
    "name": "flatc_windows",
    "version": "1.0.0",
    "lockfileVersion": 2,
    "requires": true,
    "packages": {
        "": {
            "version": "1.0.0",
            "license": "MIT",
            "dependencies": {
                "@types/flatbuffers": "^1.10.0",
                "@types/node": "^14.14.37",
                "class-transformer": "^0.4.0",
                "class-transformer-validator": "^0.9.1",
                "class-validator": "^0.13.1",
                "common": "file:D:\\projects\\project-x\\common",
                "flatbuffers": "^1.12.0",
                "reflect-metadata": "^0.1.13"
            }
        },
        "D:/projects/project-x/common": {
            "version": "1.0.0-dev.1.1",
            "license": "UNLICENSED",
            "dependencies": {
                "colors": "^1.4.0",
                "dotenv": "^8.2.0",
                "eslint": "^7.10.0",
                "nats": "2.0.0-210"
            },
            "devDependencies": {
                "@types/jest": "^26.0.10",
                "@types/node": "^14.0.27",
                "@typescript-eslint/eslint-plugin": "^3.10.1",
                "@typescript-eslint/parser": "^3.7.1",
                "eslint-config-prettier": "^6.12.0",
                "eslint-plugin-prettier": "^3.1.4",
                "husky": "^6.0.0",
                "jest": "^26.4.1",
                "prettier": "^2.1.2",
                "reflect-metadata": "^0.1.13",
                "rimraf": "^3.0.2",
                "ts-jest": "^26.2.0",
                "typedoc": "0.19.2",
                "typescript": "^4.0.3"
            }
        },
        "node_modules/@types/flatbuffers": {
            "version": "1.10.0",
            "resolved": "https://registry.npmjs.org/@types/flatbuffers/-/flatbuffers-1.10.0.tgz",
            "integrity": "sha512-7btbphLrKvo5yl/5CC2OCxUSMx1wV1wvGT1qDXkSt7yi00/YW7E8k6qzXqJHsp+WU0eoG7r6MTQQXI9lIvd0qA==",
            "license": "MIT"
        },
        "node_modules/@types/node": {
            "version": "14.14.37",
            "resolved": "https://registry.npmjs.org/@types/node/-/node-14.14.37.tgz",
            "integrity": "sha512-XYmBiy+ohOR4Lh5jE379fV2IU+6Jn4g5qASinhitfyO71b/sCo6MKsMLF5tc7Zf2CE8hViVQyYSobJNke8OvUw==",
            "license": "MIT"
        },
        "node_modules/@types/validator": {
            "version": "13.1.3",
            "resolved": "https://registry.npmjs.org/@types/validator/-/validator-13.1.3.tgz",
            "integrity": "sha512-DaOWN1zf7j+8nHhqXhIgNmS+ltAC53NXqGxYuBhWqWgqolRhddKzfZU814lkHQSTG0IUfQxU7Cg0gb8fFWo2mA==",
            "license": "MIT"
        },
        "node_modules/class-transformer": {
            "version": "0.4.0",
            "resolved": "https://registry.npmjs.org/class-transformer/-/class-transformer-0.4.0.tgz",
            "integrity": "sha512-ETWD/H2TbWbKEi7m9N4Km5+cw1hNcqJSxlSYhsLsNjQzWWiZIYA1zafxpK9PwVfaZ6AqR5rrjPVUBGESm5tQUA==",
            "license": "MIT"
        },
        "node_modules/class-transformer-validator": {
            "version": "0.9.1",
            "resolved": "https://registry.npmjs.org/class-transformer-validator/-/class-transformer-validator-0.9.1.tgz",
            "integrity": "sha512-83/KFCyd6UiiwH6PlQS5y17O5TTx58CawvNI+XdrMs0Ig9QI5kiuzRqGcC/WrEpd1F7i4KIxCwdn6m4B6fl0jw==",
            "license": "MIT",
            "peerDependencies": {
                "class-transformer": ">=0.2.3",
                "class-validator": ">=0.12.0"
            }
        },
        "node_modules/class-validator": {
            "version": "0.13.1",
            "resolved": "https://registry.npmjs.org/class-validator/-/class-validator-0.13.1.tgz",
            "integrity": "sha512-zWIeYFhUitvAHBwNhDdCRK09hWx+P0HUwFE8US8/CxFpMVzkUK8RJl7yOIE+BVu2lxyPNgeOaFv78tLE47jBIg==",
            "license": "MIT",
            "dependencies": {
                "@types/validator": "^13.1.3",
                "libphonenumber-js": "^1.9.7",
                "validator": "^13.5.2"
            }
        },
        "node_modules/common": {
            "resolved": "D:/projects/project-x/common",
            "link": true
        },
        "node_modules/flatbuffers": {
            "version": "1.12.0",
            "resolved": "https://registry.npmjs.org/flatbuffers/-/flatbuffers-1.12.0.tgz",
            "integrity": "sha512-c7CZADjRcl6j0PlvFy0ZqXQ67qSEZfrVPynmnL+2zPc+NtMvrF8Y0QceMo7QqnSPc7+uWjUIAbvCQ5WIKlMVdQ==",
            "license": "SEE LICENSE IN LICENSE.txt"
        },
        "node_modules/libphonenumber-js": {
            "version": "1.9.16",
            "resolved": "https://registry.npmjs.org/libphonenumber-js/-/libphonenumber-js-1.9.16.tgz",
            "integrity": "sha512-PaHT7nTtnejZ0HHekAaA0olv6BUTKZGtKM4SCQS0yE3XjFuVo/tjePMHUAr32FKwIZfyPky1ExMUuaiBAUmV6w==",
            "license": "MIT"
        },
        "node_modules/reflect-metadata": {
            "version": "0.1.13",
            "resolved": "https://registry.npmjs.org/reflect-metadata/-/reflect-metadata-0.1.13.tgz",
            "integrity": "sha512-Ts1Y/anZELhSsjMcU605fU9RE4Oi3p5ORujwbIKXfWa+0Zxs510Qrmrce5/Jowq3cHSZSJqBjypxmHarc+vEWg==",
            "license": "Apache-2.0"
        },
        "node_modules/validator": {
            "version": "13.5.2",
            "resolved": "https://registry.npmjs.org/validator/-/validator-13.5.2.tgz",
            "integrity": "sha512-mD45p0rvHVBlY2Zuy3F3ESIe1h5X58GPfAtslBjY7EtTqGquZTj+VX/J4RnHWN8FKq0C9WRVt1oWAcytWRuYLQ==",
            "license": "MIT",
            "engines": {
                "node": ">= 0.10"
            }
        }
    },
    "dependencies": {
        "@types/flatbuffers": {
            "version": "1.10.0",
            "resolved": "https://registry.npmjs.org/@types/flatbuffers/-/flatbuffers-1.10.0.tgz",
            "integrity": "sha512-7btbphLrKvo5yl/5CC2OCxUSMx1wV1wvGT1qDXkSt7yi00/YW7E8k6qzXqJHsp+WU0eoG7r6MTQQXI9lIvd0qA=="
        },
        "@types/node": {
            "version": "14.14.37",
            "resolved": "https://registry.npmjs.org/@types/node/-/node-14.14.37.tgz",
            "integrity": "sha512-XYmBiy+ohOR4Lh5jE379fV2IU+6Jn4g5qASinhitfyO71b/sCo6MKsMLF5tc7Zf2CE8hViVQyYSobJNke8OvUw=="
        },
        "@types/validator": {
            "version": "13.1.3",
            "resolved": "https://registry.npmjs.org/@types/validator/-/validator-13.1.3.tgz",
            "integrity": "sha512-DaOWN1zf7j+8nHhqXhIgNmS+ltAC53NXqGxYuBhWqWgqolRhddKzfZU814lkHQSTG0IUfQxU7Cg0gb8fFWo2mA=="
        },
        "class-transformer": {
            "version": "0.4.0",
            "resolved": "https://registry.npmjs.org/class-transformer/-/class-transformer-0.4.0.tgz",
            "integrity": "sha512-ETWD/H2TbWbKEi7m9N4Km5+cw1hNcqJSxlSYhsLsNjQzWWiZIYA1zafxpK9PwVfaZ6AqR5rrjPVUBGESm5tQUA=="
        },
        "class-transformer-validator": {
            "version": "0.9.1",
            "resolved": "https://registry.npmjs.org/class-transformer-validator/-/class-transformer-validator-0.9.1.tgz",
            "integrity": "sha512-83/KFCyd6UiiwH6PlQS5y17O5TTx58CawvNI+XdrMs0Ig9QI5kiuzRqGcC/WrEpd1F7i4KIxCwdn6m4B6fl0jw==",
            "requires": {}
        },
        "class-validator": {
            "version": "0.13.1",
            "resolved": "https://registry.npmjs.org/class-validator/-/class-validator-0.13.1.tgz",
            "integrity": "sha512-zWIeYFhUitvAHBwNhDdCRK09hWx+P0HUwFE8US8/CxFpMVzkUK8RJl7yOIE+BVu2lxyPNgeOaFv78tLE47jBIg==",
            "requires": {
                "@types/validator": "^13.1.3",
                "libphonenumber-js": "^1.9.7",
                "validator": "^13.5.2"
            }
        },
        "common": {
            "version": "file:D:/projects/project-x/common",
            "requires": {
                "@types/jest": "^26.0.10",
                "@types/node": "^14.0.27",
                "@typescript-eslint/eslint-plugin": "^3.10.1",
                "@typescript-eslint/parser": "^3.7.1",
                "colors": "^1.4.0",
                "dotenv": "^8.2.0",
                "eslint": "^7.10.0",
                "eslint-config-prettier": "^6.12.0",
                "eslint-plugin-prettier": "^3.1.4",
                "husky": "^6.0.0",
                "jest": "^26.4.1",
                "nats": "2.0.0-210",
                "prettier": "^2.1.2",
                "reflect-metadata": "^0.1.13",
                "rimraf": "^3.0.2",
                "ts-jest": "^26.2.0",
                "typedoc": "0.19.2",
                "typescript": "^4.0.3"
            }
        },
        "flatbuffers": {
            "version": "1.12.0",
            "resolved": "https://registry.npmjs.org/flatbuffers/-/flatbuffers-1.12.0.tgz",
            "integrity": "sha512-c7CZADjRcl6j0PlvFy0ZqXQ67qSEZfrVPynmnL+2zPc+NtMvrF8Y0QceMo7QqnSPc7+uWjUIAbvCQ5WIKlMVdQ=="
        },
        "libphonenumber-js": {
            "version": "1.9.16",
            "resolved": "https://registry.npmjs.org/libphonenumber-js/-/libphonenumber-js-1.9.16.tgz",
            "integrity": "sha512-PaHT7nTtnejZ0HHekAaA0olv6BUTKZGtKM4SCQS0yE3XjFuVo/tjePMHUAr32FKwIZfyPky1ExMUuaiBAUmV6w=="
        },
        "reflect-metadata": {
            "version": "0.1.13",
            "resolved": "https://registry.npmjs.org/reflect-metadata/-/reflect-metadata-0.1.13.tgz",
            "integrity": "sha512-Ts1Y/anZELhSsjMcU605fU9RE4Oi3p5ORujwbIKXfWa+0Zxs510Qrmrce5/Jowq3cHSZSJqBjypxmHarc+vEWg=="
        },
        "validator": {
            "version": "13.5.2",
            "resolved": "https://registry.npmjs.org/validator/-/validator-13.5.2.tgz",
            "integrity": "sha512-mD45p0rvHVBlY2Zuy3F3ESIe1h5X58GPfAtslBjY7EtTqGquZTj+VX/J4RnHWN8FKq0C9WRVt1oWAcytWRuYLQ=="
        }
    }
}
